{
  "version": 4,
  "terraform_version": "1.3.7",
  "serial": 58,
  "lineage": "0b24b58f-83ce-2f70-12b3-77df40383971",
  "outputs": {
    "service_account_email": {
      "value": "svc-p3dd-data-prd-002@prj-p3dd-data-prd-002.iam.gserviceaccount.com",
      "type": "string"
    }
  },
  "resources": [
    {
      "mode": "managed",
      "type": "google_bigquery_dataset",
      "name": "bigquery_dataset_bronze",
      "provider": "provider[\"registry.terraform.io/hashicorp/google\"]",
      "instances": [
        {
          "schema_version": 0,
          "attributes": {
            "access": [
              {
                "domain": "",
                "group_by_email": "",
                "role": "OWNER",
                "special_group": "",
                "user_by_email": "simpsondatascience@gmail.com",
                "view": []
              },
              {
                "domain": "",
                "group_by_email": "",
                "role": "OWNER",
                "special_group": "projectOwners",
                "user_by_email": "",
                "view": []
              },
              {
                "domain": "",
                "group_by_email": "",
                "role": "READER",
                "special_group": "projectReaders",
                "user_by_email": "",
                "view": []
              },
              {
                "domain": "",
                "group_by_email": "",
                "role": "WRITER",
                "special_group": "projectWriters",
                "user_by_email": "",
                "view": []
              }
            ],
            "creation_time": -1080004991,
            "dataset_id": "bronze",
            "default_encryption_configuration": [],
            "default_partition_expiration_ms": 0,
            "default_table_expiration_ms": 3600000,
            "delete_contents_on_destroy": false,
            "description": "p3dd BigQuery Bronze Schema prd-002",
            "etag": "VWK84s3k+UirnJV6d8f3uQ==",
            "friendly_name": "",
            "id": "projects/prj-p3dd-data-prd-002/datasets/bronze",
            "labels": {},
            "last_modified_time": -1080004991,
            "location": "US",
            "project": "prj-p3dd-data-prd-002",
            "self_link": "https://bigquery.googleapis.com/bigquery/v2/projects/prj-p3dd-data-prd-002/datasets/bronze",
            "timeouts": null
          },
          "sensitive_attributes": [],
          "private": "eyJlMmJmYjczMC1lY2FhLTExZTYtOGY4OC0zNDM2M2JjN2M0YzAiOnsiY3JlYXRlIjoyNDAwMDAwMDAwMDAsImRlbGV0ZSI6MjQwMDAwMDAwMDAwLCJ1cGRhdGUiOjI0MDAwMDAwMDAwMH19",
          "dependencies": [
            "google_project.project"
          ]
        }
      ]
    },
    {
      "mode": "managed",
      "type": "google_bigquery_table",
      "name": "default",
      "provider": "provider[\"registry.terraform.io/hashicorp/google\"]",
      "instances": [
        {
          "schema_version": 0,
          "attributes": {
            "clustering": null,
            "creation_time": -1079964762,
            "dataset_id": "bronze",
            "deletion_protection": true,
            "description": "",
            "encryption_configuration": [],
            "etag": "CDp6JtDYleG4CzkePXphKw==",
            "expiration_time": -1076364762,
            "external_data_configuration": [],
            "friendly_name": "",
            "id": "projects/prj-p3dd-data-prd-002/datasets/bronze/tables/jobs",
            "labels": {
              "env": "prd"
            },
            "last_modified_time": -1079964564,
            "location": "US",
            "materialized_view": [],
            "num_bytes": 0,
            "num_long_term_bytes": 0,
            "num_rows": 0,
            "project": "prj-p3dd-data-prd-002",
            "range_partitioning": [],
            "schema": "[{\"description\":\"Placeholder\",\"mode\":\"NULLABLE\",\"name\":\"figi_primary_key\",\"type\":\"INTEGER\"},{\"description\":\"Placeholder\",\"mode\":\"NULLABLE\",\"name\":\"linkedin_source_name\",\"type\":\"STRING\"},{\"description\":\"Placeholder\",\"mode\":\"NULLABLE\",\"name\":\"num_jobs\",\"type\":\"INTEGER\"},{\"description\":\"Placeholder\",\"mode\":\"NULLABLE\",\"name\":\"timestamp\",\"type\":\"TIMESTAMP\"}]",
            "self_link": "https://bigquery.googleapis.com/bigquery/v2/projects/prj-p3dd-data-prd-002/datasets/bronze/tables/jobs",
            "table_id": "jobs",
            "time_partitioning": [],
            "type": "TABLE",
            "view": []
          },
          "sensitive_attributes": [],
          "private": "bnVsbA==",
          "dependencies": [
            "google_bigquery_dataset.bigquery_dataset_bronze",
            "google_project.project"
          ]
        }
      ]
    },
    {
      "mode": "managed",
      "type": "google_project",
      "name": "project",
      "provider": "provider[\"registry.terraform.io/hashicorp/google\"]",
      "instances": [
        {
          "schema_version": 1,
          "attributes": {
            "auto_create_network": true,
            "billing_account": "0100C2-35F5E6-049B82",
            "folder_id": null,
            "id": "projects/prj-p3dd-data-prd-002",
            "labels": {},
            "name": "prj-p3dd-data-prd-002",
            "number": "472390233957",
            "org_id": null,
            "project_id": "prj-p3dd-data-prd-002",
            "skip_delete": null,
            "timeouts": null
          },
          "sensitive_attributes": [],
          "private": "eyJlMmJmYjczMC1lY2FhLTExZTYtOGY4OC0zNDM2M2JjN2M0YzAiOnsiY3JlYXRlIjo2MDAwMDAwMDAwMDAsImRlbGV0ZSI6NjAwMDAwMDAwMDAwLCJyZWFkIjo2MDAwMDAwMDAwMDAsInVwZGF0ZSI6NjAwMDAwMDAwMDAwfSwic2NoZW1hX3ZlcnNpb24iOiIxIn0="
        }
      ]
    },
    {
      "mode": "managed",
      "type": "google_project_iam_binding",
      "name": "iam_binding",
      "provider": "provider[\"registry.terraform.io/hashicorp/google\"]",
      "instances": [
        {
          "schema_version": 0,
          "attributes": {
            "condition": [],
            "etag": "BwX6RH8TfiQ=",
            "id": "prj-p3dd-data-prd-002/roles/editor",
            "members": [
              "serviceAccount:svc-p3dd-data-prd-002@prj-p3dd-data-prd-002.iam.gserviceaccount.com"
            ],
            "project": "prj-p3dd-data-prd-002",
            "role": "roles/editor"
          },
          "sensitive_attributes": [],
          "private": "bnVsbA==",
          "dependencies": [
            "google_project.project",
            "google_service_account.service_account"
          ]
        }
      ]
    },
    {
      "mode": "managed",
      "type": "google_project_iam_member",
      "name": "bigquery_admin_member",
      "provider": "provider[\"registry.terraform.io/hashicorp/google\"]",
      "instances": [
        {
          "schema_version": 0,
          "attributes": {
            "condition": [],
            "etag": "BwX6RH8TfiQ=",
            "id": "prj-p3dd-data-prd-002/roles/bigquery.admin/serviceAccount:svc-p3dd-data-prd-002@prj-p3dd-data-prd-002.iam.gserviceaccount.com",
            "member": "serviceAccount:svc-p3dd-data-prd-002@prj-p3dd-data-prd-002.iam.gserviceaccount.com",
            "project": "prj-p3dd-data-prd-002",
            "role": "roles/bigquery.admin"
          },
          "sensitive_attributes": [],
          "private": "bnVsbA==",
          "dependencies": [
            "google_project.project",
            "google_service_account.service_account"
          ]
        }
      ]
    },
    {
      "mode": "managed",
      "type": "google_project_iam_member",
      "name": "storage_admin_member",
      "provider": "provider[\"registry.terraform.io/hashicorp/google\"]",
      "instances": [
        {
          "schema_version": 0,
          "attributes": {
            "condition": [],
            "etag": "BwX6RH8TfiQ=",
            "id": "prj-p3dd-data-prd-002/roles/storage.admin/serviceAccount:svc-p3dd-data-prd-002@prj-p3dd-data-prd-002.iam.gserviceaccount.com",
            "member": "serviceAccount:svc-p3dd-data-prd-002@prj-p3dd-data-prd-002.iam.gserviceaccount.com",
            "project": "prj-p3dd-data-prd-002",
            "role": "roles/storage.admin"
          },
          "sensitive_attributes": [],
          "private": "bnVsbA==",
          "dependencies": [
            "google_project.project",
            "google_service_account.service_account"
          ]
        }
      ]
    },
    {
      "mode": "managed",
      "type": "google_project_iam_member",
      "name": "storage_object_admin_member",
      "provider": "provider[\"registry.terraform.io/hashicorp/google\"]",
      "instances": [
        {
          "schema_version": 0,
          "attributes": {
            "condition": [],
            "etag": "BwX6RH8TfiQ=",
            "id": "prj-p3dd-data-prd-002/roles/storage.objectAdmin/serviceAccount:svc-p3dd-data-prd-002@prj-p3dd-data-prd-002.iam.gserviceaccount.com",
            "member": "serviceAccount:svc-p3dd-data-prd-002@prj-p3dd-data-prd-002.iam.gserviceaccount.com",
            "project": "prj-p3dd-data-prd-002",
            "role": "roles/storage.objectAdmin"
          },
          "sensitive_attributes": [],
          "private": "bnVsbA==",
          "dependencies": [
            "google_project.project",
            "google_service_account.service_account"
          ]
        }
      ]
    },
    {
      "mode": "managed",
      "type": "google_project_service",
      "name": "bigquery",
      "provider": "provider[\"registry.terraform.io/hashicorp/google\"]",
      "instances": [
        {
          "schema_version": 0,
          "attributes": {
            "disable_dependent_services": true,
            "disable_on_destroy": true,
            "id": "prj-p3dd-data-prd-002/bigquery.googleapis.com",
            "project": "prj-p3dd-data-prd-002",
            "service": "bigquery.googleapis.com",
            "timeouts": null
          },
          "sensitive_attributes": [],
          "private": "eyJlMmJmYjczMC1lY2FhLTExZTYtOGY4OC0zNDM2M2JjN2M0YzAiOnsiY3JlYXRlIjoxMjAwMDAwMDAwMDAwLCJkZWxldGUiOjEyMDAwMDAwMDAwMDAsInJlYWQiOjYwMDAwMDAwMDAwMCwidXBkYXRlIjoxMjAwMDAwMDAwMDAwfX0=",
          "dependencies": [
            "google_project.project"
          ]
        }
      ]
    },
    {
      "mode": "managed",
      "type": "google_service_account",
      "name": "service_account",
      "provider": "provider[\"registry.terraform.io/hashicorp/google\"]",
      "instances": [
        {
          "schema_version": 0,
          "attributes": {
            "account_id": "svc-p3dd-data-prd-002",
            "description": "",
            "display_name": "svc-p3dd-data-prd-002",
            "email": "svc-p3dd-data-prd-002@prj-p3dd-data-prd-002.iam.gserviceaccount.com",
            "id": "projects/prj-p3dd-data-prd-002/serviceAccounts/svc-p3dd-data-prd-002@prj-p3dd-data-prd-002.iam.gserviceaccount.com",
            "name": "projects/prj-p3dd-data-prd-002/serviceAccounts/svc-p3dd-data-prd-002@prj-p3dd-data-prd-002.iam.gserviceaccount.com",
            "project": "prj-p3dd-data-prd-002",
            "timeouts": null,
            "unique_id": "105063411235423374941"
          },
          "sensitive_attributes": [],
          "private": "eyJlMmJmYjczMC1lY2FhLTExZTYtOGY4OC0zNDM2M2JjN2M0YzAiOnsiY3JlYXRlIjozMDAwMDAwMDAwMDB9fQ==",
          "dependencies": [
            "google_project.project"
          ]
        }
      ]
    },
    {
      "mode": "managed",
      "type": "google_storage_bucket",
      "name": "gcs_bucket",
      "provider": "provider[\"registry.terraform.io/hashicorp/google\"]",
      "instances": [
        {
          "schema_version": 0,
          "attributes": {
            "bucket_policy_only": false,
            "cors": [],
            "default_event_based_hold": false,
            "encryption": [],
            "force_destroy": true,
            "id": "gcs-p3dd-data-prd-002",
            "labels": {
              "env": "prd"
            },
            "lifecycle_rule": [
              {
                "action": [
                  {
                    "storage_class": "NEARLINE",
                    "type": "SetStorageClass"
                  }
                ],
                "condition": [
                  {
                    "age": 30,
                    "created_before": "",
                    "custom_time_before": "",
                    "days_since_custom_time": 0,
                    "days_since_noncurrent_time": 0,
                    "matches_storage_class": [],
                    "noncurrent_time_before": "",
                    "num_newer_versions": 0,
                    "with_state": "ANY"
                  }
                ]
              },
              {
                "action": [
                  {
                    "storage_class": "COLDLINE",
                    "type": "SetStorageClass"
                  }
                ],
                "condition": [
                  {
                    "age": 90,
                    "created_before": "",
                    "custom_time_before": "",
                    "days_since_custom_time": 0,
                    "days_since_noncurrent_time": 0,
                    "matches_storage_class": [],
                    "noncurrent_time_before": "",
                    "num_newer_versions": 0,
                    "with_state": "ANY"
                  }
                ]
              },
              {
                "action": [
                  {
                    "storage_class": "ARCHIVE",
                    "type": "SetStorageClass"
                  }
                ],
                "condition": [
                  {
                    "age": 365,
                    "created_before": "",
                    "custom_time_before": "",
                    "days_since_custom_time": 0,
                    "days_since_noncurrent_time": 0,
                    "matches_storage_class": [],
                    "noncurrent_time_before": "",
                    "num_newer_versions": 0,
                    "with_state": "ANY"
                  }
                ]
              }
            ],
            "location": "US",
            "logging": [],
            "name": "gcs-p3dd-data-prd-002",
            "project": "prj-p3dd-data-prd-002",
            "requester_pays": false,
            "retention_policy": [],
            "self_link": "https://www.googleapis.com/storage/v1/b/gcs-p3dd-data-prd-002",
            "storage_class": "STANDARD",
            "uniform_bucket_level_access": false,
            "url": "gs://gcs-p3dd-data-prd-002",
            "versioning": [],
            "website": []
          },
          "sensitive_attributes": [],
          "private": "bnVsbA==",
          "dependencies": [
            "google_project.project"
          ]
        }
      ]
    }
  ],
  "check_results": null
}
